
Microsoft Visual Studio Solution File, Format Version 12.00
# Visual Studio Version 17
VisualStudioVersion = 17.1.32210.238
MinimumVisualStudioVersion = 10.0.40219.1
Project("{FAE04EC0-301F-11D3-BF4B-00C04F79EFBC}") = "QuanLy_CuaHangBanSua_HHH", "QuanLy_CuaHangBanSua_HHH\QuanLy_CuaHangBanSua_HHH.csproj", "{3D924DF7-373F-43CB-A4E8-AFECA8A7643D}"
EndProject
Project("{FAE04EC0-301F-11D3-BF4B-00C04F79EFBC}") = "DAL", "DAL\DAL.csproj", "{2A1539DF-0AE4-4724-AAD7-9FF632184B96}"
EndProject
Project("{FAE04EC0-301F-11D3-BF4B-00C04F79EFBC}") = "DTO", "DTO\DTO.csproj", "{10477D6E-1CD8-46D0-9981-450DEF23710D}"
EndProject
Project("{FAE04EC0-301F-11D3-BF4B-00C04F79EFBC}") = "BUS", "BUS\BUS.csproj", "{F3A17F2E-10AA-448B-A53F-9E5289FD8953}"
EndProject
Global
	GlobalSection(SolutionConfigurationPlatforms) = preSolution
		Debug|Any CPU = Debug|Any CPU
		Release|Any CPU = Release|Any CPU
	EndGlobalSection
	GlobalSection(ProjectConfigurationPlatforms) = postSolution
		{3D924DF7-373F-43CB-A4E8-AFECA8A7643D}.Debug|Any CPU.ActiveCfg = Debug|Any CPU
		{3D924DF7-373F-43CB-A4E8-AFECA8A7643D}.Debug|Any CPU.Build.0 = Debug|Any CPU
		{3D924DF7-373F-43CB-A4E8-AFECA8A7643D}.Release|Any CPU.ActiveCfg = Release|Any CPU
		{3D924DF7-373F-43CB-A4E8-AFECA8A7643D}.Release|Any CPU.Build.0 = Release|Any CPU
		{2A1539DF-0AE4-4724-AAD7-9FF632184B96}.Debug|Any CPU.ActiveCfg = Debug|Any CPU
		{2A1539DF-0AE4-4724-AAD7-9FF632184B96}.Debug|Any CPU.Build.0 = Debug|Any CPU
		{2A1539DF-0AE4-4724-AAD7-9FF632184B96}.Release|Any CPU.ActiveCfg = Release|Any CPU
		{2A1539DF-0AE4-4724-AAD7-9FF632184B96}.Release|Any CPU.Build.0 = Release|Any CPU
		{10477D6E-1CD8-46D0-9981-450DEF23710D}.Debug|Any CPU.ActiveCfg = Debug|Any CPU
		{10477D6E-1CD8-46D0-9981-450DEF23710D}.Debug|Any CPU.Build.0 = Debug|Any CPU
		{10477D6E-1CD8-46D0-9981-450DEF23710D}.Release|Any CPU.ActiveCfg = Release|Any CPU
		{10477D6E-1CD8-46D0-9981-450DEF23710D}.Release|Any CPU.Build.0 = Release|Any CPU
		{F3A17F2E-10AA-448B-A53F-9E5289FD8953}.Debug|Any CPU.ActiveCfg = Debug|Any CPU
		{F3A17F2E-10AA-448B-A53F-9E5289FD8953}.Debug|Any CPU.Build.0 = Debug|Any CPU
		{F3A17F2E-10AA-448B-A53F-9E5289FD8953}.Release|Any CPU.ActiveCfg = Release|Any CPU
		{F3A17F2E-10AA-448B-A53F-9E5289FD8953}.Release|Any CPU.Build.0 = Release|Any CPU
	EndGlobalSection
	GlobalSection(SolutionProperties) = preSolution
		HideSolutionNode = FALSE
	EndGlobalSection
	GlobalSection(ExtensibilityGlobals) = postSolution
		SolutionGuid = {0881B917-1950-4300-936A-E9B5A3CF35BD}
	EndGlobalSection
EndGlobal
